
Microsoft Visual Studio Solution File, Format Version 12.00
# Visual Studio 14
VisualStudioVersion = 14.0.24720.0
MinimumVisualStudioVersion = 10.0.40219.1
Project("{FAE04EC0-301F-11D3-BF4B-00C04F79EFBC}") = "CheeseTracker.AspNetMvc.App", "CheeseTracker.AspNetMvc.App\CheeseTracker.AspNetMvc.App.csproj", "{B26CBE8C-D098-436D-BFD8-973E5320570A}"
EndProject
Project("{FAE04EC0-301F-11D3-BF4B-00C04F79EFBC}") = "CheeseTracker.AspNetMvc.App.UnitTests", "CheeseTracker.AspNetMvc.App.UnitTests\CheeseTracker.AspNetMvc.App.UnitTests.csproj", "{34E2FF82-B7DD-416A-B63D-D71F10389FA9}"
EndProject
Project("{2150E333-8FDC-42A3-9474-1A3956D46DE8}") = "AspNetMvc", "AspNetMvc", "{57A890D5-1CAB-43FB-8D5D-1EA5B8BB7814}"
EndProject
Project("{2150E333-8FDC-42A3-9474-1A3956D46DE8}") = "AspNetMvc.App", "AspNetMvc.App", "{743577D8-4ED2-4759-A74C-E8B3D5475455}"
EndProject
Project("{FAE04EC0-301F-11D3-BF4B-00C04F79EFBC}") = "CheeseTracker.Common.Services", "CheeseTracker.Common.Services\CheeseTracker.Common.Services.csproj", "{D9172D6B-20D4-4BF1-93A1-D278C9112F72}"
EndProject
Project("{FAE04EC0-301F-11D3-BF4B-00C04F79EFBC}") = "CheeseTracker.AspNetMvc.Services", "CheeseTracker.AspNetMvc.Services\CheeseTracker.AspNetMvc.Services.csproj", "{BC9B2643-9E2C-4755-857B-0287A7C46B25}"
EndProject
Project("{2150E333-8FDC-42A3-9474-1A3956D46DE8}") = "AspNetMvc.Services", "AspNetMvc.Services", "{18F3F367-9E11-47EF-9F30-C25C03986404}"
EndProject
Project("{2150E333-8FDC-42A3-9474-1A3956D46DE8}") = "Common", "Common", "{5215F275-FE98-4790-8AA4-35AFEF7DD914}"
EndProject
Project("{FAE04EC0-301F-11D3-BF4B-00C04F79EFBC}") = "CheeseTracker.AspNetMvc.Services.UnitTests", "CheeseTracker.AspNetMvc.Services.UnitTests\CheeseTracker.AspNetMvc.Services.UnitTests.csproj", "{069C17C6-D58D-4CA0-A444-39E554E2C956}"
EndProject
Project("{FAE04EC0-301F-11D3-BF4B-00C04F79EFBC}") = "CheeseTracker.Common.Services.UnitTests", "CheeseTracker.Common.Services.UnitTests\CheeseTracker.Common.Services.UnitTests.csproj", "{072D6DFE-B3A0-4CD4-9B2A-2714426BE24E}"
EndProject
Project("{FAE04EC0-301F-11D3-BF4B-00C04F79EFBC}") = "CheeseTracker.Common.DataAccess", "CheeseTracker.Common.DataAccess\CheeseTracker.Common.DataAccess.csproj", "{B7A48E95-3477-4C50-8BB0-AA94FD857205}"
EndProject
Global
	GlobalSection(SolutionConfigurationPlatforms) = preSolution
		Debug|Any CPU = Debug|Any CPU
		Release|Any CPU = Release|Any CPU
	EndGlobalSection
	GlobalSection(ProjectConfigurationPlatforms) = postSolution
		{B26CBE8C-D098-436D-BFD8-973E5320570A}.Debug|Any CPU.ActiveCfg = Debug|Any CPU
		{B26CBE8C-D098-436D-BFD8-973E5320570A}.Debug|Any CPU.Build.0 = Debug|Any CPU
		{B26CBE8C-D098-436D-BFD8-973E5320570A}.Release|Any CPU.ActiveCfg = Release|Any CPU
		{B26CBE8C-D098-436D-BFD8-973E5320570A}.Release|Any CPU.Build.0 = Release|Any CPU
		{34E2FF82-B7DD-416A-B63D-D71F10389FA9}.Debug|Any CPU.ActiveCfg = Debug|Any CPU
		{34E2FF82-B7DD-416A-B63D-D71F10389FA9}.Debug|Any CPU.Build.0 = Debug|Any CPU
		{34E2FF82-B7DD-416A-B63D-D71F10389FA9}.Release|Any CPU.ActiveCfg = Release|Any CPU
		{34E2FF82-B7DD-416A-B63D-D71F10389FA9}.Release|Any CPU.Build.0 = Release|Any CPU
		{D9172D6B-20D4-4BF1-93A1-D278C9112F72}.Debug|Any CPU.ActiveCfg = Debug|Any CPU
		{D9172D6B-20D4-4BF1-93A1-D278C9112F72}.Debug|Any CPU.Build.0 = Debug|Any CPU
		{D9172D6B-20D4-4BF1-93A1-D278C9112F72}.Release|Any CPU.ActiveCfg = Release|Any CPU
		{D9172D6B-20D4-4BF1-93A1-D278C9112F72}.Release|Any CPU.Build.0 = Release|Any CPU
		{BC9B2643-9E2C-4755-857B-0287A7C46B25}.Debug|Any CPU.ActiveCfg = Debug|Any CPU
		{BC9B2643-9E2C-4755-857B-0287A7C46B25}.Debug|Any CPU.Build.0 = Debug|Any CPU
		{BC9B2643-9E2C-4755-857B-0287A7C46B25}.Release|Any CPU.ActiveCfg = Release|Any CPU
		{BC9B2643-9E2C-4755-857B-0287A7C46B25}.Release|Any CPU.Build.0 = Release|Any CPU
		{069C17C6-D58D-4CA0-A444-39E554E2C956}.Debug|Any CPU.ActiveCfg = Debug|Any CPU
		{069C17C6-D58D-4CA0-A444-39E554E2C956}.Debug|Any CPU.Build.0 = Debug|Any CPU
		{069C17C6-D58D-4CA0-A444-39E554E2C956}.Release|Any CPU.ActiveCfg = Release|Any CPU
		{069C17C6-D58D-4CA0-A444-39E554E2C956}.Release|Any CPU.Build.0 = Release|Any CPU
		{072D6DFE-B3A0-4CD4-9B2A-2714426BE24E}.Debug|Any CPU.ActiveCfg = Debug|Any CPU
		{072D6DFE-B3A0-4CD4-9B2A-2714426BE24E}.Debug|Any CPU.Build.0 = Debug|Any CPU
		{072D6DFE-B3A0-4CD4-9B2A-2714426BE24E}.Release|Any CPU.ActiveCfg = Release|Any CPU
		{072D6DFE-B3A0-4CD4-9B2A-2714426BE24E}.Release|Any CPU.Build.0 = Release|Any CPU
		{B7A48E95-3477-4C50-8BB0-AA94FD857205}.Debug|Any CPU.ActiveCfg = Debug|Any CPU
		{B7A48E95-3477-4C50-8BB0-AA94FD857205}.Debug|Any CPU.Build.0 = Debug|Any CPU
		{B7A48E95-3477-4C50-8BB0-AA94FD857205}.Release|Any CPU.ActiveCfg = Release|Any CPU
		{B7A48E95-3477-4C50-8BB0-AA94FD857205}.Release|Any CPU.Build.0 = Release|Any CPU
	EndGlobalSection
	GlobalSection(SolutionProperties) = preSolution
		HideSolutionNode = FALSE
	EndGlobalSection
	GlobalSection(NestedProjects) = preSolution
		{B26CBE8C-D098-436D-BFD8-973E5320570A} = {743577D8-4ED2-4759-A74C-E8B3D5475455}
		{34E2FF82-B7DD-416A-B63D-D71F10389FA9} = {743577D8-4ED2-4759-A74C-E8B3D5475455}
		{743577D8-4ED2-4759-A74C-E8B3D5475455} = {57A890D5-1CAB-43FB-8D5D-1EA5B8BB7814}
		{D9172D6B-20D4-4BF1-93A1-D278C9112F72} = {5215F275-FE98-4790-8AA4-35AFEF7DD914}
		{BC9B2643-9E2C-4755-857B-0287A7C46B25} = {18F3F367-9E11-47EF-9F30-C25C03986404}
		{18F3F367-9E11-47EF-9F30-C25C03986404} = {57A890D5-1CAB-43FB-8D5D-1EA5B8BB7814}
		{069C17C6-D58D-4CA0-A444-39E554E2C956} = {18F3F367-9E11-47EF-9F30-C25C03986404}
		{072D6DFE-B3A0-4CD4-9B2A-2714426BE24E} = {5215F275-FE98-4790-8AA4-35AFEF7DD914}
		{B7A48E95-3477-4C50-8BB0-AA94FD857205} = {5215F275-FE98-4790-8AA4-35AFEF7DD914}
	EndGlobalSection
EndGlobal
